
Microsoft Visual Studio Solution File, Format Version 12.00
# Visual Studio Version 16
VisualStudioVersion = 16.0.28917.181
MinimumVisualStudioVersion = 10.0.40219.1
Project("{9A19103F-16F7-4668-BE54-9A1E7A4F7556}") = "DayOne", "DayOne\DayOne.csproj", "{C9AFA4FD-94DF-4286-B62A-762CB07C7D22}"
EndProject
Project("{9A19103F-16F7-4668-BE54-9A1E7A4F7556}") = "Helpers", "Helpers\Helpers.csproj", "{E25DBCD5-8B50-45D2-BE0C-5E2528614FCD}"
EndProject
Project("{9A19103F-16F7-4668-BE54-9A1E7A4F7556}") = "DayTwo", "DayTwo\DayTwo.csproj", "{48146C23-8DDD-459E-9C58-B6E796FF52FC}"
EndProject
Project("{9A19103F-16F7-4668-BE54-9A1E7A4F7556}") = "DayThree", "DayThree\DayThree.csproj", "{5A379D9C-2060-4575-B863-5C5F7672A9C5}"
EndProject
Project("{9A19103F-16F7-4668-BE54-9A1E7A4F7556}") = "DayFour", "DayFour\DayFour.csproj", "{24BBEA32-54EE-451B-8D7A-32B460864B38}"
EndProject
Project("{FAE04EC0-301F-11D3-BF4B-00C04F79EFBC}") = "DayFive", "DayFive\DayFive.csproj", "{274D107B-BA71-4F5A-AD43-F5DBA876689C}"
EndProject
Global
	GlobalSection(SolutionConfigurationPlatforms) = preSolution
		Debug|Any CPU = Debug|Any CPU
		Release|Any CPU = Release|Any CPU
	EndGlobalSection
	GlobalSection(ProjectConfigurationPlatforms) = postSolution
		{C9AFA4FD-94DF-4286-B62A-762CB07C7D22}.Debug|Any CPU.ActiveCfg = Debug|Any CPU
		{C9AFA4FD-94DF-4286-B62A-762CB07C7D22}.Debug|Any CPU.Build.0 = Debug|Any CPU
		{C9AFA4FD-94DF-4286-B62A-762CB07C7D22}.Release|Any CPU.ActiveCfg = Release|Any CPU
		{C9AFA4FD-94DF-4286-B62A-762CB07C7D22}.Release|Any CPU.Build.0 = Release|Any CPU
		{E25DBCD5-8B50-45D2-BE0C-5E2528614FCD}.Debug|Any CPU.ActiveCfg = Debug|Any CPU
		{E25DBCD5-8B50-45D2-BE0C-5E2528614FCD}.Debug|Any CPU.Build.0 = Debug|Any CPU
		{E25DBCD5-8B50-45D2-BE0C-5E2528614FCD}.Release|Any CPU.ActiveCfg = Release|Any CPU
		{E25DBCD5-8B50-45D2-BE0C-5E2528614FCD}.Release|Any CPU.Build.0 = Release|Any CPU
		{48146C23-8DDD-459E-9C58-B6E796FF52FC}.Debug|Any CPU.ActiveCfg = Debug|Any CPU
		{48146C23-8DDD-459E-9C58-B6E796FF52FC}.Debug|Any CPU.Build.0 = Debug|Any CPU
		{48146C23-8DDD-459E-9C58-B6E796FF52FC}.Release|Any CPU.ActiveCfg = Release|Any CPU
		{48146C23-8DDD-459E-9C58-B6E796FF52FC}.Release|Any CPU.Build.0 = Release|Any CPU
		{5A379D9C-2060-4575-B863-5C5F7672A9C5}.Debug|Any CPU.ActiveCfg = Debug|Any CPU
		{5A379D9C-2060-4575-B863-5C5F7672A9C5}.Debug|Any CPU.Build.0 = Debug|Any CPU
		{5A379D9C-2060-4575-B863-5C5F7672A9C5}.Release|Any CPU.ActiveCfg = Release|Any CPU
		{5A379D9C-2060-4575-B863-5C5F7672A9C5}.Release|Any CPU.Build.0 = Release|Any CPU
		{24BBEA32-54EE-451B-8D7A-32B460864B38}.Debug|Any CPU.ActiveCfg = Debug|Any CPU
		{24BBEA32-54EE-451B-8D7A-32B460864B38}.Debug|Any CPU.Build.0 = Debug|Any CPU
		{24BBEA32-54EE-451B-8D7A-32B460864B38}.Release|Any CPU.ActiveCfg = Release|Any CPU
		{24BBEA32-54EE-451B-8D7A-32B460864B38}.Release|Any CPU.Build.0 = Release|Any CPU
		{274D107B-BA71-4F5A-AD43-F5DBA876689C}.Debug|Any CPU.ActiveCfg = Debug|Any CPU
		{274D107B-BA71-4F5A-AD43-F5DBA876689C}.Debug|Any CPU.Build.0 = Debug|Any CPU
		{274D107B-BA71-4F5A-AD43-F5DBA876689C}.Release|Any CPU.ActiveCfg = Release|Any CPU
		{274D107B-BA71-4F5A-AD43-F5DBA876689C}.Release|Any CPU.Build.0 = Release|Any CPU
	EndGlobalSection
	GlobalSection(SolutionProperties) = preSolution
		HideSolutionNode = FALSE
	EndGlobalSection
	GlobalSection(ExtensibilityGlobals) = postSolution
		SolutionGuid = {F95F0C01-7868-4B49-8576-8DB0EA7B1519}
	EndGlobalSection
EndGlobal
